// !$*UTF8*$!
{
	archiveVersion = 1;
	classes = {
	};
	objectVersion = 51;
	objects = {

/* Begin PBXBuildFile section */
		67A8CA113C4A80C6796CCDCD /* Pods_Covid19_Project_Covid19_ProjectUITests.framework in Frameworks */ = {isa = PBXBuildFile; fileRef = 81F2FD7A796F2CD3F651CB59 /* Pods_Covid19_Project_Covid19_ProjectUITests.framework */; };
		80038D7D258F51F4008BD6CF /* MapViewController.swift in Sources */ = {isa = PBXBuildFile; fileRef = 80038D7C258F51F4008BD6CF /* MapViewController.swift */; };
		80038D82258F53F9008BD6CF /* Location.swift in Sources */ = {isa = PBXBuildFile; fileRef = 80038D81258F53F9008BD6CF /* Location.swift */; };
		8010290325A21D6A00962BE4 /* ContactsMapViewController.swift in Sources */ = {isa = PBXBuildFile; fileRef = 8010290225A21D6A00962BE4 /* ContactsMapViewController.swift */; };
		8010290C25A2217E00962BE4 /* ContactAnnotation.swift in Sources */ = {isa = PBXBuildFile; fileRef = 8010290B25A2217E00962BE4 /* ContactAnnotation.swift */; };
		8010291125A2241E00962BE4 /* AddNewEntryViewController.swift in Sources */ = {isa = PBXBuildFile; fileRef = 8010291025A2241E00962BE4 /* AddNewEntryViewController.swift */; };
		8010291625A22DEB00962BE4 /* CategoryTableViewController.swift in Sources */ = {isa = PBXBuildFile; fileRef = 8010291525A22DEB00962BE4 /* CategoryTableViewController.swift */; };
		8010292025A2310900962BE4 /* LogTableViewController.swift in Sources */ = {isa = PBXBuildFile; fileRef = 8010291F25A2310900962BE4 /* LogTableViewController.swift */; };
		8010292825A2379200962BE4 /* LogCell.swift in Sources */ = {isa = PBXBuildFile; fileRef = 8010292725A2379200962BE4 /* LogCell.swift */; };
		8010292D25A238E700962BE4 /* Contact.swift in Sources */ = {isa = PBXBuildFile; fileRef = 8010292C25A238E700962BE4 /* Contact.swift */; };
		8010293225A2390C00962BE4 /* Category.swift in Sources */ = {isa = PBXBuildFile; fileRef = 8010293125A2390C00962BE4 /* Category.swift */; };
		8010A7D725B0A9C70045E895 /* FieldValidator.swift in Sources */ = {isa = PBXBuildFile; fileRef = 8010A7D625B0A9C70045E895 /* FieldValidator.swift */; };
		8010A7F825B0C2A00045E895 /* Container.swift in Sources */ = {isa = PBXBuildFile; fileRef = 8010A7F725B0C2A00045E895 /* Container.swift */; };
		80368DB825AB393B0035A6B8 /* UICollectionViewExtention.swift in Sources */ = {isa = PBXBuildFile; fileRef = 80368DB725AB393B0035A6B8 /* UICollectionViewExtention.swift */; };
		803B882825B447E8006EB56E /* ImageDownloader.swift in Sources */ = {isa = PBXBuildFile; fileRef = 803B882725B447E8006EB56E /* ImageDownloader.swift */; };
		803B884225B495B5006EB56E /* ImageCacheChecker.swift in Sources */ = {isa = PBXBuildFile; fileRef = 803B884125B495B5006EB56E /* ImageCacheChecker.swift */; };
		803B88E625B741DA006EB56E /* ApplicationStyle.swift in Sources */ = {isa = PBXBuildFile; fileRef = 803B88E525B741DA006EB56E /* ApplicationStyle.swift */; };
		803B88EF25B74323006EB56E /* DayStyle.swift in Sources */ = {isa = PBXBuildFile; fileRef = 803B88EE25B74323006EB56E /* DayStyle.swift */; };
		803B88F425B7435B006EB56E /* NightStyle.swift in Sources */ = {isa = PBXBuildFile; fileRef = 803B88F325B7435B006EB56E /* NightStyle.swift */; };
		803B88F925B74404006EB56E /* DayNightStyleProvider.swift in Sources */ = {isa = PBXBuildFile; fileRef = 803B88F825B74404006EB56E /* DayNightStyleProvider.swift */; };
		803B88FE25B74BD4006EB56E /* StyleProvider.swift in Sources */ = {isa = PBXBuildFile; fileRef = 803B88FD25B74BD4006EB56E /* StyleProvider.swift */; };
		803E4A7625D1B4660028EC25 /* StringExtention.swift in Sources */ = {isa = PBXBuildFile; fileRef = 803E4A7525D1B4660028EC25 /* StringExtention.swift */; };
		803E4A7B25D1B4AD0028EC25 /* ArrayExtention.swift in Sources */ = {isa = PBXBuildFile; fileRef = 803E4A7A25D1B4AD0028EC25 /* ArrayExtention.swift */; };
		80657ED425CC77C50047F9E5 /* CaseViewModel.swift in Sources */ = {isa = PBXBuildFile; fileRef = 80657ED325CC77C50047F9E5 /* CaseViewModel.swift */; };
		80657EF125CC793F0047F9E5 /* CasesViewModelImplementation.swift in Sources */ = {isa = PBXBuildFile; fileRef = 80657EF025CC793F0047F9E5 /* CasesViewModelImplementation.swift */; };
		80657EF625CD7A590047F9E5 /* CasesDataDownloader.swift in Sources */ = {isa = PBXBuildFile; fileRef = 80657EF525CD7A590047F9E5 /* CasesDataDownloader.swift */; };
		80657EFB25CD7BA50047F9E5 /* CaseDownloader.swift in Sources */ = {isa = PBXBuildFile; fileRef = 80657EFA25CD7BA50047F9E5 /* CaseDownloader.swift */; };
		806F123C25812736006C74C9 /* UITableViewExtention.swift in Sources */ = {isa = PBXBuildFile; fileRef = 806F123B25812736006C74C9 /* UITableViewExtention.swift */; };
		806F131025861059006C74C9 /* ShareViewController.swift in Sources */ = {isa = PBXBuildFile; fileRef = 806F130F25861059006C74C9 /* ShareViewController.swift */; };
		8077461F254EADAA00C0C851 /* CassesDetailsViewController.swift in Sources */ = {isa = PBXBuildFile; fileRef = 8077461E254EADAA00C0C851 /* CassesDetailsViewController.swift */; };
		8098AD5C255E787D00605806 /* GoogleService-Info.plist in Resources */ = {isa = PBXBuildFile; fileRef = 8098AD5B255E787D00605806 /* GoogleService-Info.plist */; };
		80A6829F25B816BA006F9EE5 /* PasswordCounterAndLoginPasswordFieldsValidator.swift in Sources */ = {isa = PBXBuildFile; fileRef = 80A6829E25B816BA006F9EE5 /* PasswordCounterAndLoginPasswordFieldsValidator.swift */; };
		80A6835425B9ECDA006F9EE5 /* EventListnerManager.swift in Sources */ = {isa = PBXBuildFile; fileRef = 80A6835325B9ECDA006F9EE5 /* EventListnerManager.swift */; };
		80A6835925B9F062006F9EE5 /* EventListner.swift in Sources */ = {isa = PBXBuildFile; fileRef = 80A6835825B9F062006F9EE5 /* EventListner.swift */; };
		80A6835E25B9F4CD006F9EE5 /* Listner.swift in Sources */ = {isa = PBXBuildFile; fileRef = 80A6835D25B9F4CD006F9EE5 /* Listner.swift */; };
		80A6836625B9F5F1006F9EE5 /* LogoutListner.swift in Sources */ = {isa = PBXBuildFile; fileRef = 80A6836525B9F5F1006F9EE5 /* LogoutListner.swift */; };
		80A6836E25B9FCDF006F9EE5 /* EventType.swift in Sources */ = {isa = PBXBuildFile; fileRef = 80A6836D25B9FCDF006F9EE5 /* EventType.swift */; };
		80A6837625B9FF07006F9EE5 /* EventListnerWithType.swift in Sources */ = {isa = PBXBuildFile; fileRef = 80A6837525B9FF07006F9EE5 /* EventListnerWithType.swift */; };
		80A6837C25C09145006F9EE5 /* MockComplexLoginAndPasswordFieldsValidator.swift in Sources */ = {isa = PBXBuildFile; fileRef = 80A6837B25C09145006F9EE5 /* MockComplexLoginAndPasswordFieldsValidator.swift */; };
		80A6838D25C0938B006F9EE5 /* TestPasswordCounter.swift in Sources */ = {isa = PBXBuildFile; fileRef = 80A6838C25C0938B006F9EE5 /* TestPasswordCounter.swift */; };
		80A6839A25C09B3D006F9EE5 /* NumberOfAttemptsSaver.swift in Sources */ = {isa = PBXBuildFile; fileRef = 80A6839925C09B3D006F9EE5 /* NumberOfAttemptsSaver.swift */; };
		80A683A225C09B8B006F9EE5 /* SaverOfAttemptsToUserDefaults.swift in Sources */ = {isa = PBXBuildFile; fileRef = 80A683A125C09B8B006F9EE5 /* SaverOfAttemptsToUserDefaults.swift */; };
		80A683AB25C1B4FB006F9EE5 /* MockNumberOfAttemptsSaver.swift in Sources */ = {isa = PBXBuildFile; fileRef = 80A683AA25C1B4FB006F9EE5 /* MockNumberOfAttemptsSaver.swift */; };
		80A683B025C1C293006F9EE5 /* PhotoRecord.swift in Sources */ = {isa = PBXBuildFile; fileRef = 80A683AF25C1C293006F9EE5 /* PhotoRecord.swift */; };
		80A683B525C1C2C3006F9EE5 /* PhotoRecordState.swift in Sources */ = {isa = PBXBuildFile; fileRef = 80A683B425C1C2C3006F9EE5 /* PhotoRecordState.swift */; };
		80A683BA25C32AC7006F9EE5 /* LoginViewModel.swift in Sources */ = {isa = PBXBuildFile; fileRef = 80A683B925C32AC7006F9EE5 /* LoginViewModel.swift */; };
		80A683BF25C32AEB006F9EE5 /* LoginViewModelImplementation.swift in Sources */ = {isa = PBXBuildFile; fileRef = 80A683BE25C32AEB006F9EE5 /* LoginViewModelImplementation.swift */; };
		80A683CC25C70669006F9EE5 /* PhotoOperations.swift in Sources */ = {isa = PBXBuildFile; fileRef = 80A683CB25C70669006F9EE5 /* PhotoOperations.swift */; };
		80A683D125C7071B006F9EE5 /* ImageForNewsesDownloader.swift in Sources */ = {isa = PBXBuildFile; fileRef = 80A683D025C7071B006F9EE5 /* ImageForNewsesDownloader.swift */; };
		80A683D625C70748006F9EE5 /* ImageFiltration.swift in Sources */ = {isa = PBXBuildFile; fileRef = 80A683D525C70748006F9EE5 /* ImageFiltration.swift */; };
		80B66F14254C247400DAB0CB /* AppDelegate.swift in Sources */ = {isa = PBXBuildFile; fileRef = 80B66F13254C247400DAB0CB /* AppDelegate.swift */; };
		80B66F16254C247400DAB0CB /* SceneDelegate.swift in Sources */ = {isa = PBXBuildFile; fileRef = 80B66F15254C247400DAB0CB /* SceneDelegate.swift */; };
		80B66F18254C247400DAB0CB /* LoginViewController.swift in Sources */ = {isa = PBXBuildFile; fileRef = 80B66F17254C247400DAB0CB /* LoginViewController.swift */; };
		80B66F1B254C247400DAB0CB /* Main.storyboard in Resources */ = {isa = PBXBuildFile; fileRef = 80B66F19254C247400DAB0CB /* Main.storyboard */; };
		80B66F1D254C247500DAB0CB /* Assets.xcassets in Resources */ = {isa = PBXBuildFile; fileRef = 80B66F1C254C247500DAB0CB /* Assets.xcassets */; };
		80B66F20254C247500DAB0CB /* LaunchScreen.storyboard in Resources */ = {isa = PBXBuildFile; fileRef = 80B66F1E254C247500DAB0CB /* LaunchScreen.storyboard */; };
		80B66F2B254C247600DAB0CB /* TestComplexFieldsValidation.swift in Sources */ = {isa = PBXBuildFile; fileRef = 80B66F2A254C247600DAB0CB /* TestComplexFieldsValidation.swift */; };
		80B66F36254C247600DAB0CB /* Covid19_ProjectUITests.swift in Sources */ = {isa = PBXBuildFile; fileRef = 80B66F35254C247600DAB0CB /* Covid19_ProjectUITests.swift */; };
		80B66F4B254C275A00DAB0CB /* TabBarController.swift in Sources */ = {isa = PBXBuildFile; fileRef = 80B66F4A254C275A00DAB0CB /* TabBarController.swift */; };
		80B66F50254C286000DAB0CB /* NewsViewController.swift in Sources */ = {isa = PBXBuildFile; fileRef = 80B66F4F254C286000DAB0CB /* NewsViewController.swift */; };
		80B66F58254C28A500DAB0CB /* CasesViewController.swift in Sources */ = {isa = PBXBuildFile; fileRef = 80B66F57254C28A500DAB0CB /* CasesViewController.swift */; };
		80B66F5D254C291100DAB0CB /* ProfileViewController.swift in Sources */ = {isa = PBXBuildFile; fileRef = 80B66F5C254C291100DAB0CB /* ProfileViewController.swift */; };
		80B66F63254C521100DAB0CB /* News.swift in Sources */ = {isa = PBXBuildFile; fileRef = 80B66F62254C521100DAB0CB /* News.swift */; };
		80B66F6B254C66F300DAB0CB /* NewsCell.swift in Sources */ = {isa = PBXBuildFile; fileRef = 80B66F6A254C66F300DAB0CB /* NewsCell.swift */; };
		80B66F70254DC48C00DAB0CB /* Case.swift in Sources */ = {isa = PBXBuildFile; fileRef = 80B66F6F254DC48C00DAB0CB /* Case.swift */; };
		80B66F75254DC80300DAB0CB /* CountryTableCell.swift in Sources */ = {isa = PBXBuildFile; fileRef = 80B66F74254DC80300DAB0CB /* CountryTableCell.swift */; };
		80B990DA256A714900E10855 /* Notification.swift in Sources */ = {isa = PBXBuildFile; fileRef = 80B990D9256A714900E10855 /* Notification.swift */; };
		80B99111256C236500E10855 /* Localizable.strings in Resources */ = {isa = PBXBuildFile; fileRef = 80B99113256C236500E10855 /* Localizable.strings */; };
		80B9912A256C2EC500E10855 /* InfoPlist.strings in Resources */ = {isa = PBXBuildFile; fileRef = 80B9912C256C2EC500E10855 /* InfoPlist.strings */; };
		80BBBB6A2566578A00757FA1 /* Article.swift in Sources */ = {isa = PBXBuildFile; fileRef = 80BBBB692566578A00757FA1 /* Article.swift */; };
		80BBBB812566B64B00757FA1 /* NewsImageView.swift in Sources */ = {isa = PBXBuildFile; fileRef = 80BBBB802566B64B00757FA1 /* NewsImageView.swift */; };
		80BBBC232567C70400757FA1 /* UIImageExtentions.swift in Sources */ = {isa = PBXBuildFile; fileRef = 80BBBC222567C70400757FA1 /* UIImageExtentions.swift */; };
		80C198F625AE0580009EB758 /* ComplexLoginAndPasswordValidator.swift in Sources */ = {isa = PBXBuildFile; fileRef = 80C198F525AE0580009EB758 /* ComplexLoginAndPasswordValidator.swift */; };
		80C198FB25AE2656009EB758 /* LoginTextField.swift in Sources */ = {isa = PBXBuildFile; fileRef = 80C198FA25AE2656009EB758 /* LoginTextField.swift */; };
		80C7965025811071006D8459 /* DateParser.swift in Sources */ = {isa = PBXBuildFile; fileRef = 80C7964F25811071006D8459 /* DateParser.swift */; };
		B00A02A15B91BBDD901D88E6 /* Pods_Covid19_Project.framework in Frameworks */ = {isa = PBXBuildFile; fileRef = 4D4A1FC240253A132C8BA50F /* Pods_Covid19_Project.framework */; };
		DBF7E3CB39B65205C341F3D7 /* Pods_Covid19_ProjectTests.framework in Frameworks */ = {isa = PBXBuildFile; fileRef = 2F612F9BDEF9616159C2D3A7 /* Pods_Covid19_ProjectTests.framework */; };
/* End PBXBuildFile section */

/* Begin PBXContainerItemProxy section */
		80B66F27254C247600DAB0CB /* PBXContainerItemProxy */ = {
			isa = PBXContainerItemProxy;
			containerPortal = 80B66F08254C247400DAB0CB /* Project object */;
			proxyType = 1;
			remoteGlobalIDString = 80B66F0F254C247400DAB0CB;
			remoteInfo = Covid19_Project;
		};
		80B66F32254C247600DAB0CB /* PBXContainerItemProxy */ = {
			isa = PBXContainerItemProxy;
			containerPortal = 80B66F08254C247400DAB0CB /* Project object */;
			proxyType = 1;
			remoteGlobalIDString = 80B66F0F254C247400DAB0CB;
			remoteInfo = Covid19_Project;
		};
/* End PBXContainerItemProxy section */

/* Begin PBXFileReference section */
		0AACF35F03702EFA58B24859 /* Pods-Covid19_Project-Covid19_ProjectUITests.release.xcconfig */ = {isa = PBXFileReference; includeInIndex = 1; lastKnownFileType = text.xcconfig; name = "Pods-Covid19_Project-Covid19_ProjectUITests.release.xcconfig"; path = "Target Support Files/Pods-Covid19_Project-Covid19_ProjectUITests/Pods-Covid19_Project-Covid19_ProjectUITests.release.xcconfig"; sourceTree = "<group>"; };
		2F612F9BDEF9616159C2D3A7 /* Pods_Covid19_ProjectTests.framework */ = {isa = PBXFileReference; explicitFileType = wrapper.framework; includeInIndex = 0; path = Pods_Covid19_ProjectTests.framework; sourceTree = BUILT_PRODUCTS_DIR; };
		37534E5E5FAE674781CCC5D0 /* Pods-Covid19_ProjectTests.release.xcconfig */ = {isa = PBXFileReference; includeInIndex = 1; lastKnownFileType = text.xcconfig; name = "Pods-Covid19_ProjectTests.release.xcconfig"; path = "Target Support Files/Pods-Covid19_ProjectTests/Pods-Covid19_ProjectTests.release.xcconfig"; sourceTree = "<group>"; };
		4D4A1FC240253A132C8BA50F /* Pods_Covid19_Project.framework */ = {isa = PBXFileReference; explicitFileType = wrapper.framework; includeInIndex = 0; path = Pods_Covid19_Project.framework; sourceTree = BUILT_PRODUCTS_DIR; };
		5E351F7134EBF529BDB6E5CF /* Pods-Covid19_Project.release.xcconfig */ = {isa = PBXFileReference; includeInIndex = 1; lastKnownFileType = text.xcconfig; name = "Pods-Covid19_Project.release.xcconfig"; path = "Target Support Files/Pods-Covid19_Project/Pods-Covid19_Project.release.xcconfig"; sourceTree = "<group>"; };
		80038D7C258F51F4008BD6CF /* MapViewController.swift */ = {isa = PBXFileReference; lastKnownFileType = sourcecode.swift; path = MapViewController.swift; sourceTree = "<group>"; };
		80038D81258F53F9008BD6CF /* Location.swift */ = {isa = PBXFileReference; lastKnownFileType = sourcecode.swift; path = Location.swift; sourceTree = "<group>"; };
		8010290225A21D6A00962BE4 /* ContactsMapViewController.swift */ = {isa = PBXFileReference; lastKnownFileType = sourcecode.swift; path = ContactsMapViewController.swift; sourceTree = "<group>"; };
		8010290B25A2217E00962BE4 /* ContactAnnotation.swift */ = {isa = PBXFileReference; lastKnownFileType = sourcecode.swift; path = ContactAnnotation.swift; sourceTree = "<group>"; };
		8010291025A2241E00962BE4 /* AddNewEntryViewController.swift */ = {isa = PBXFileReference; lastKnownFileType = sourcecode.swift; path = AddNewEntryViewController.swift; sourceTree = "<group>"; };
		8010291525A22DEB00962BE4 /* CategoryTableViewController.swift */ = {isa = PBXFileReference; lastKnownFileType = sourcecode.swift; path = CategoryTableViewController.swift; sourceTree = "<group>"; };
		8010291F25A2310900962BE4 /* LogTableViewController.swift */ = {isa = PBXFileReference; lastKnownFileType = sourcecode.swift; path = LogTableViewController.swift; sourceTree = "<group>"; };
		8010292725A2379200962BE4 /* LogCell.swift */ = {isa = PBXFileReference; lastKnownFileType = sourcecode.swift; path = LogCell.swift; sourceTree = "<group>"; };
		8010292C25A238E700962BE4 /* Contact.swift */ = {isa = PBXFileReference; lastKnownFileType = sourcecode.swift; path = Contact.swift; sourceTree = "<group>"; };
		8010293125A2390C00962BE4 /* Category.swift */ = {isa = PBXFileReference; lastKnownFileType = sourcecode.swift; path = Category.swift; sourceTree = "<group>"; };
		8010A7D625B0A9C70045E895 /* FieldValidator.swift */ = {isa = PBXFileReference; lastKnownFileType = sourcecode.swift; path = FieldValidator.swift; sourceTree = "<group>"; };
		8010A7F725B0C2A00045E895 /* Container.swift */ = {isa = PBXFileReference; lastKnownFileType = sourcecode.swift; path = Container.swift; sourceTree = "<group>"; };
		80368DB725AB393B0035A6B8 /* UICollectionViewExtention.swift */ = {isa = PBXFileReference; lastKnownFileType = sourcecode.swift; path = UICollectionViewExtention.swift; sourceTree = "<group>"; };
		803B882725B447E8006EB56E /* ImageDownloader.swift */ = {isa = PBXFileReference; lastKnownFileType = sourcecode.swift; path = ImageDownloader.swift; sourceTree = "<group>"; };
		803B884125B495B5006EB56E /* ImageCacheChecker.swift */ = {isa = PBXFileReference; lastKnownFileType = sourcecode.swift; path = ImageCacheChecker.swift; sourceTree = "<group>"; };
		803B88E525B741DA006EB56E /* ApplicationStyle.swift */ = {isa = PBXFileReference; lastKnownFileType = sourcecode.swift; path = ApplicationStyle.swift; sourceTree = "<group>"; };
		803B88EE25B74323006EB56E /* DayStyle.swift */ = {isa = PBXFileReference; lastKnownFileType = sourcecode.swift; path = DayStyle.swift; sourceTree = "<group>"; };
		803B88F325B7435B006EB56E /* NightStyle.swift */ = {isa = PBXFileReference; lastKnownFileType = sourcecode.swift; path = NightStyle.swift; sourceTree = "<group>"; };
		803B88F825B74404006EB56E /* DayNightStyleProvider.swift */ = {isa = PBXFileReference; lastKnownFileType = sourcecode.swift; path = DayNightStyleProvider.swift; sourceTree = "<group>"; };
		803B88FD25B74BD4006EB56E /* StyleProvider.swift */ = {isa = PBXFileReference; lastKnownFileType = sourcecode.swift; path = StyleProvider.swift; sourceTree = "<group>"; };
		803E4A7525D1B4660028EC25 /* StringExtention.swift */ = {isa = PBXFileReference; lastKnownFileType = sourcecode.swift; path = StringExtention.swift; sourceTree = "<group>"; };
		803E4A7A25D1B4AD0028EC25 /* ArrayExtention.swift */ = {isa = PBXFileReference; lastKnownFileType = sourcecode.swift; path = ArrayExtention.swift; sourceTree = "<group>"; };
		80657ED325CC77C50047F9E5 /* CaseViewModel.swift */ = {isa = PBXFileReference; lastKnownFileType = sourcecode.swift; path = CaseViewModel.swift; sourceTree = "<group>"; };
		80657EF025CC793F0047F9E5 /* CasesViewModelImplementation.swift */ = {isa = PBXFileReference; lastKnownFileType = sourcecode.swift; path = CasesViewModelImplementation.swift; sourceTree = "<group>"; };
		80657EF525CD7A590047F9E5 /* CasesDataDownloader.swift */ = {isa = PBXFileReference; lastKnownFileType = sourcecode.swift; path = CasesDataDownloader.swift; sourceTree = "<group>"; };
		80657EFA25CD7BA50047F9E5 /* CaseDownloader.swift */ = {isa = PBXFileReference; lastKnownFileType = sourcecode.swift; path = CaseDownloader.swift; sourceTree = "<group>"; };
		806F123B25812736006C74C9 /* UITableViewExtention.swift */ = {isa = PBXFileReference; lastKnownFileType = sourcecode.swift; path = UITableViewExtention.swift; sourceTree = "<group>"; };
		806F130F25861059006C74C9 /* ShareViewController.swift */ = {isa = PBXFileReference; lastKnownFileType = sourcecode.swift; path = ShareViewController.swift; sourceTree = "<group>"; };
		8077461E254EADAA00C0C851 /* CassesDetailsViewController.swift */ = {isa = PBXFileReference; lastKnownFileType = sourcecode.swift; path = CassesDetailsViewController.swift; sourceTree = "<group>"; };
		8098AD5B255E787D00605806 /* GoogleService-Info.plist */ = {isa = PBXFileReference; fileEncoding = 4; lastKnownFileType = text.plist.xml; path = "GoogleService-Info.plist"; sourceTree = "<group>"; };
		80A6829E25B816BA006F9EE5 /* PasswordCounterAndLoginPasswordFieldsValidator.swift */ = {isa = PBXFileReference; lastKnownFileType = sourcecode.swift; path = PasswordCounterAndLoginPasswordFieldsValidator.swift; sourceTree = "<group>"; };
		80A6835325B9ECDA006F9EE5 /* EventListnerManager.swift */ = {isa = PBXFileReference; lastKnownFileType = sourcecode.swift; path = EventListnerManager.swift; sourceTree = "<group>"; };
		80A6835825B9F062006F9EE5 /* EventListner.swift */ = {isa = PBXFileReference; lastKnownFileType = sourcecode.swift; path = EventListner.swift; sourceTree = "<group>"; };
		80A6835D25B9F4CD006F9EE5 /* Listner.swift */ = {isa = PBXFileReference; lastKnownFileType = sourcecode.swift; path = Listner.swift; sourceTree = "<group>"; };
		80A6836525B9F5F1006F9EE5 /* LogoutListner.swift */ = {isa = PBXFileReference; lastKnownFileType = sourcecode.swift; path = LogoutListner.swift; sourceTree = "<group>"; };
		80A6836D25B9FCDF006F9EE5 /* EventType.swift */ = {isa = PBXFileReference; lastKnownFileType = sourcecode.swift; path = EventType.swift; sourceTree = "<group>"; };
		80A6837525B9FF07006F9EE5 /* EventListnerWithType.swift */ = {isa = PBXFileReference; lastKnownFileType = sourcecode.swift; path = EventListnerWithType.swift; sourceTree = "<group>"; };
		80A6837B25C09145006F9EE5 /* MockComplexLoginAndPasswordFieldsValidator.swift */ = {isa = PBXFileReference; lastKnownFileType = sourcecode.swift; path = MockComplexLoginAndPasswordFieldsValidator.swift; sourceTree = "<group>"; };
		80A6838C25C0938B006F9EE5 /* TestPasswordCounter.swift */ = {isa = PBXFileReference; lastKnownFileType = sourcecode.swift; path = TestPasswordCounter.swift; sourceTree = "<group>"; };
		80A6839925C09B3D006F9EE5 /* NumberOfAttemptsSaver.swift */ = {isa = PBXFileReference; lastKnownFileType = sourcecode.swift; path = NumberOfAttemptsSaver.swift; sourceTree = "<group>"; };
		80A683A125C09B8B006F9EE5 /* SaverOfAttemptsToUserDefaults.swift */ = {isa = PBXFileReference; lastKnownFileType = sourcecode.swift; path = SaverOfAttemptsToUserDefaults.swift; sourceTree = "<group>"; };
		80A683AA25C1B4FB006F9EE5 /* MockNumberOfAttemptsSaver.swift */ = {isa = PBXFileReference; lastKnownFileType = sourcecode.swift; path = MockNumberOfAttemptsSaver.swift; sourceTree = "<group>"; };
		80A683AF25C1C293006F9EE5 /* PhotoRecord.swift */ = {isa = PBXFileReference; lastKnownFileType = sourcecode.swift; path = PhotoRecord.swift; sourceTree = "<group>"; };
		80A683B425C1C2C3006F9EE5 /* PhotoRecordState.swift */ = {isa = PBXFileReference; lastKnownFileType = sourcecode.swift; path = PhotoRecordState.swift; sourceTree = "<group>"; };
		80A683B925C32AC7006F9EE5 /* LoginViewModel.swift */ = {isa = PBXFileReference; lastKnownFileType = sourcecode.swift; path = LoginViewModel.swift; sourceTree = "<group>"; };
		80A683BE25C32AEB006F9EE5 /* LoginViewModelImplementation.swift */ = {isa = PBXFileReference; lastKnownFileType = sourcecode.swift; path = LoginViewModelImplementation.swift; sourceTree = "<group>"; };
		80A683CB25C70669006F9EE5 /* PhotoOperations.swift */ = {isa = PBXFileReference; lastKnownFileType = sourcecode.swift; path = PhotoOperations.swift; sourceTree = "<group>"; };
		80A683D025C7071B006F9EE5 /* ImageForNewsesDownloader.swift */ = {isa = PBXFileReference; lastKnownFileType = sourcecode.swift; path = ImageForNewsesDownloader.swift; sourceTree = "<group>"; };
		80A683D525C70748006F9EE5 /* ImageFiltration.swift */ = {isa = PBXFileReference; lastKnownFileType = sourcecode.swift; path = ImageFiltration.swift; sourceTree = "<group>"; };
		80B66F10254C247400DAB0CB /* Covid19_Project.app */ = {isa = PBXFileReference; explicitFileType = wrapper.application; includeInIndex = 0; path = Covid19_Project.app; sourceTree = BUILT_PRODUCTS_DIR; };
		80B66F13254C247400DAB0CB /* AppDelegate.swift */ = {isa = PBXFileReference; lastKnownFileType = sourcecode.swift; path = AppDelegate.swift; sourceTree = "<group>"; };
		80B66F15254C247400DAB0CB /* SceneDelegate.swift */ = {isa = PBXFileReference; lastKnownFileType = sourcecode.swift; path = SceneDelegate.swift; sourceTree = "<group>"; };
		80B66F17254C247400DAB0CB /* LoginViewController.swift */ = {isa = PBXFileReference; lastKnownFileType = sourcecode.swift; path = LoginViewController.swift; sourceTree = "<group>"; };
		80B66F1A254C247400DAB0CB /* Base */ = {isa = PBXFileReference; lastKnownFileType = file.storyboard; name = Base; path = Base.lproj/Main.storyboard; sourceTree = "<group>"; };
		80B66F1C254C247500DAB0CB /* Assets.xcassets */ = {isa = PBXFileReference; lastKnownFileType = folder.assetcatalog; path = Assets.xcassets; sourceTree = "<group>"; };
		80B66F1F254C247500DAB0CB /* Base */ = {isa = PBXFileReference; lastKnownFileType = file.storyboard; name = Base; path = Base.lproj/LaunchScreen.storyboard; sourceTree = "<group>"; };
		80B66F21254C247500DAB0CB /* Info.plist */ = {isa = PBXFileReference; lastKnownFileType = text.plist.xml; path = Info.plist; sourceTree = "<group>"; };
		80B66F26254C247600DAB0CB /* Covid19_ProjectTests.xctest */ = {isa = PBXFileReference; explicitFileType = wrapper.cfbundle; includeInIndex = 0; path = Covid19_ProjectTests.xctest; sourceTree = BUILT_PRODUCTS_DIR; };
		80B66F2A254C247600DAB0CB /* TestComplexFieldsValidation.swift */ = {isa = PBXFileReference; lastKnownFileType = sourcecode.swift; path = TestComplexFieldsValidation.swift; sourceTree = "<group>"; };
		80B66F2C254C247600DAB0CB /* Info.plist */ = {isa = PBXFileReference; lastKnownFileType = text.plist.xml; path = Info.plist; sourceTree = "<group>"; };
		80B66F31254C247600DAB0CB /* Covid19_ProjectUITests.xctest */ = {isa = PBXFileReference; explicitFileType = wrapper.cfbundle; includeInIndex = 0; path = Covid19_ProjectUITests.xctest; sourceTree = BUILT_PRODUCTS_DIR; };
		80B66F35254C247600DAB0CB /* Covid19_ProjectUITests.swift */ = {isa = PBXFileReference; lastKnownFileType = sourcecode.swift; path = Covid19_ProjectUITests.swift; sourceTree = "<group>"; };
		80B66F37254C247600DAB0CB /* Info.plist */ = {isa = PBXFileReference; lastKnownFileType = text.plist.xml; path = Info.plist; sourceTree = "<group>"; };
		80B66F4A254C275A00DAB0CB /* TabBarController.swift */ = {isa = PBXFileReference; lastKnownFileType = sourcecode.swift; path = TabBarController.swift; sourceTree = "<group>"; };
		80B66F4F254C286000DAB0CB /* NewsViewController.swift */ = {isa = PBXFileReference; lastKnownFileType = sourcecode.swift; path = NewsViewController.swift; sourceTree = "<group>"; };
		80B66F57254C28A500DAB0CB /* CasesViewController.swift */ = {isa = PBXFileReference; lastKnownFileType = sourcecode.swift; path = CasesViewController.swift; sourceTree = "<group>"; };
		80B66F5C254C291100DAB0CB /* ProfileViewController.swift */ = {isa = PBXFileReference; lastKnownFileType = sourcecode.swift; path = ProfileViewController.swift; sourceTree = "<group>"; };
		80B66F62254C521100DAB0CB /* News.swift */ = {isa = PBXFileReference; lastKnownFileType = sourcecode.swift; path = News.swift; sourceTree = "<group>"; };
		80B66F6A254C66F300DAB0CB /* NewsCell.swift */ = {isa = PBXFileReference; lastKnownFileType = sourcecode.swift; path = NewsCell.swift; sourceTree = "<group>"; };
		80B66F6F254DC48C00DAB0CB /* Case.swift */ = {isa = PBXFileReference; lastKnownFileType = sourcecode.swift; path = Case.swift; sourceTree = "<group>"; };
		80B66F74254DC80300DAB0CB /* CountryTableCell.swift */ = {isa = PBXFileReference; lastKnownFileType = sourcecode.swift; path = CountryTableCell.swift; sourceTree = "<group>"; };
		80B990D9256A714900E10855 /* Notification.swift */ = {isa = PBXFileReference; lastKnownFileType = sourcecode.swift; path = Notification.swift; sourceTree = "<group>"; };
		80B99112256C236500E10855 /* en */ = {isa = PBXFileReference; lastKnownFileType = text.plist.strings; name = en; path = en.lproj/Localizable.strings; sourceTree = "<group>"; };
		80B99117256C237800E10855 /* ru */ = {isa = PBXFileReference; lastKnownFileType = text.plist.strings; name = ru; path = ru.lproj/Main.strings; sourceTree = "<group>"; };
		80B99118256C237800E10855 /* ru */ = {isa = PBXFileReference; lastKnownFileType = text.plist.strings; name = ru; path = ru.lproj/LaunchScreen.strings; sourceTree = "<group>"; };
		80B99119256C237800E10855 /* ru */ = {isa = PBXFileReference; lastKnownFileType = text.plist.strings; name = ru; path = ru.lproj/Localizable.strings; sourceTree = "<group>"; };
		80B9912B256C2EC500E10855 /* en */ = {isa = PBXFileReference; lastKnownFileType = text.plist.strings; name = en; path = en.lproj/InfoPlist.strings; sourceTree = "<group>"; };
		80B99130256C2ECA00E10855 /* ru */ = {isa = PBXFileReference; lastKnownFileType = text.plist.strings; name = ru; path = ru.lproj/InfoPlist.strings; sourceTree = "<group>"; };
		80BBBB692566578A00757FA1 /* Article.swift */ = {isa = PBXFileReference; lastKnownFileType = sourcecode.swift; path = Article.swift; sourceTree = "<group>"; };
		80BBBB802566B64B00757FA1 /* NewsImageView.swift */ = {isa = PBXFileReference; lastKnownFileType = sourcecode.swift; path = NewsImageView.swift; sourceTree = "<group>"; };
		80BBBC222567C70400757FA1 /* UIImageExtentions.swift */ = {isa = PBXFileReference; lastKnownFileType = sourcecode.swift; path = UIImageExtentions.swift; sourceTree = "<group>"; };
		80C198F525AE0580009EB758 /* ComplexLoginAndPasswordValidator.swift */ = {isa = PBXFileReference; lastKnownFileType = sourcecode.swift; path = ComplexLoginAndPasswordValidator.swift; sourceTree = "<group>"; };
		80C198FA25AE2656009EB758 /* LoginTextField.swift */ = {isa = PBXFileReference; lastKnownFileType = sourcecode.swift; path = LoginTextField.swift; sourceTree = "<group>"; };
		80C7964F25811071006D8459 /* DateParser.swift */ = {isa = PBXFileReference; lastKnownFileType = sourcecode.swift; path = DateParser.swift; sourceTree = "<group>"; };
		81F2FD7A796F2CD3F651CB59 /* Pods_Covid19_Project_Covid19_ProjectUITests.framework */ = {isa = PBXFileReference; explicitFileType = wrapper.framework; includeInIndex = 0; path = Pods_Covid19_Project_Covid19_ProjectUITests.framework; sourceTree = BUILT_PRODUCTS_DIR; };
		9153F91C90D15DED6AAA58EA /* Pods-Covid19_Project-Covid19_ProjectUITests.debug.xcconfig */ = {isa = PBXFileReference; includeInIndex = 1; lastKnownFileType = text.xcconfig; name = "Pods-Covid19_Project-Covid19_ProjectUITests.debug.xcconfig"; path = "Target Support Files/Pods-Covid19_Project-Covid19_ProjectUITests/Pods-Covid19_Project-Covid19_ProjectUITests.debug.xcconfig"; sourceTree = "<group>"; };
		95EFD86F4CEC5C3E9C7C2B5F /* Pods-Covid19_Project.debug.xcconfig */ = {isa = PBXFileReference; includeInIndex = 1; lastKnownFileType = text.xcconfig; name = "Pods-Covid19_Project.debug.xcconfig"; path = "Target Support Files/Pods-Covid19_Project/Pods-Covid19_Project.debug.xcconfig"; sourceTree = "<group>"; };
		C1D2D334DD39E9AC143C876E /* Pods-Covid19_ProjectTests.debug.xcconfig */ = {isa = PBXFileReference; includeInIndex = 1; lastKnownFileType = text.xcconfig; name = "Pods-Covid19_ProjectTests.debug.xcconfig"; path = "Target Support Files/Pods-Covid19_ProjectTests/Pods-Covid19_ProjectTests.debug.xcconfig"; sourceTree = "<group>"; };
/* End PBXFileReference section */

/* Begin PBXFrameworksBuildPhase section */
		80B66F0D254C247400DAB0CB /* Frameworks */ = {
			isa = PBXFrameworksBuildPhase;
			buildActionMask = 2147483647;
			files = (
				B00A02A15B91BBDD901D88E6 /* Pods_Covid19_Project.framework in Frameworks */,
			);
			runOnlyForDeploymentPostprocessing = 0;
		};
		80B66F23254C247600DAB0CB /* Frameworks */ = {
			isa = PBXFrameworksBuildPhase;
			buildActionMask = 2147483647;
			files = (
				DBF7E3CB39B65205C341F3D7 /* Pods_Covid19_ProjectTests.framework in Frameworks */,
			);
			runOnlyForDeploymentPostprocessing = 0;
		};
		80B66F2E254C247600DAB0CB /* Frameworks */ = {
			isa = PBXFrameworksBuildPhase;
			buildActionMask = 2147483647;
			files = (
				67A8CA113C4A80C6796CCDCD /* Pods_Covid19_Project_Covid19_ProjectUITests.framework in Frameworks */,
			);
			runOnlyForDeploymentPostprocessing = 0;
		};
/* End PBXFrameworksBuildPhase section */

/* Begin PBXGroup section */
		8010290725A21D7000962BE4 /* Contacts Map */ = {
			isa = PBXGroup;
			children = (
				8010290225A21D6A00962BE4 /* ContactsMapViewController.swift */,
				8010291025A2241E00962BE4 /* AddNewEntryViewController.swift */,
				8010291525A22DEB00962BE4 /* CategoryTableViewController.swift */,
				8010291F25A2310900962BE4 /* LogTableViewController.swift */,
				8010292725A2379200962BE4 /* LogCell.swift */,
			);
			path = "Contacts Map";
			sourceTree = "<group>";
		};
		8010A7F625B0C2880045E895 /* Container */ = {
			isa = PBXGroup;
			children = (
				8010A7F725B0C2A00045E895 /* Container.swift */,
			);
			name = Container;
			sourceTree = "<group>";
		};
		803B882625B44799006EB56E /* Protocols */ = {
			isa = PBXGroup;
			children = (
				80657ED225CC77AF0047F9E5 /* ViewModels */,
				803B882725B447E8006EB56E /* ImageDownloader.swift */,
				8010A7D625B0A9C70045E895 /* FieldValidator.swift */,
				803B884125B495B5006EB56E /* ImageCacheChecker.swift */,
				803B88E525B741DA006EB56E /* ApplicationStyle.swift */,
				803B88FD25B74BD4006EB56E /* StyleProvider.swift */,
				80A6835825B9F062006F9EE5 /* EventListner.swift */,
				80A6835D25B9F4CD006F9EE5 /* Listner.swift */,
				80A6839925C09B3D006F9EE5 /* NumberOfAttemptsSaver.swift */,
				80657EFA25CD7BA50047F9E5 /* CaseDownloader.swift */,
			);
			path = Protocols;
			sourceTree = "<group>";
		};
		803B88EA25B74307006EB56E /* ApplicationStyle */ = {
			isa = PBXGroup;
			children = (
				803B88EE25B74323006EB56E /* DayStyle.swift */,
				803B88F325B7435B006EB56E /* NightStyle.swift */,
				803B88F825B74404006EB56E /* DayNightStyleProvider.swift */,
			);
			path = ApplicationStyle;
			sourceTree = "<group>";
		};
		80657ED225CC77AF0047F9E5 /* ViewModels */ = {
			isa = PBXGroup;
			children = (
				80A683B925C32AC7006F9EE5 /* LoginViewModel.swift */,
				80657ED325CC77C50047F9E5 /* CaseViewModel.swift */,
			);
			path = ViewModels;
			sourceTree = "<group>";
		};
		806F13142586106A006C74C9 /* Share */ = {
			isa = PBXGroup;
			children = (
				806F130F25861059006C74C9 /* ShareViewController.swift */,
			);
			path = Share;
			sourceTree = "<group>";
		};
		80A6835225B9ECBE006F9EE5 /* EventListners */ = {
			isa = PBXGroup;
			children = (
				80A6835325B9ECDA006F9EE5 /* EventListnerManager.swift */,
				80A6836525B9F5F1006F9EE5 /* LogoutListner.swift */,
				80A6836D25B9FCDF006F9EE5 /* EventType.swift */,
			);
			path = EventListners;
			sourceTree = "<group>";
		};
		80A6837A25C090D6006F9EE5 /* FieldValidation */ = {
			isa = PBXGroup;
			children = (
				80B66F2A254C247600DAB0CB /* TestComplexFieldsValidation.swift */,
				80A6837B25C09145006F9EE5 /* MockComplexLoginAndPasswordFieldsValidator.swift */,
				80A6838C25C0938B006F9EE5 /* TestPasswordCounter.swift */,
				80A683AA25C1B4FB006F9EE5 /* MockNumberOfAttemptsSaver.swift */,
			);
			path = FieldValidation;
			sourceTree = "<group>";
		};
		80B66F07254C247400DAB0CB = {
			isa = PBXGroup;
			children = (
				80B66F12254C247400DAB0CB /* Covid19_Project */,
				80B66F29254C247600DAB0CB /* Covid19_ProjectTests */,
				80B66F34254C247600DAB0CB /* Covid19_ProjectUITests */,
				80B66F11254C247400DAB0CB /* Products */,
				888BFF5C8F65407D174385A9 /* Pods */,
				9BA2D0275B914D43849658CC /* Frameworks */,
			);
			sourceTree = "<group>";
		};
		80B66F11254C247400DAB0CB /* Products */ = {
			isa = PBXGroup;
			children = (
				80B66F10254C247400DAB0CB /* Covid19_Project.app */,
				80B66F26254C247600DAB0CB /* Covid19_ProjectTests.xctest */,
				80B66F31254C247600DAB0CB /* Covid19_ProjectUITests.xctest */,
			);
			name = Products;
			sourceTree = "<group>";
		};
		80B66F12254C247400DAB0CB /* Covid19_Project */ = {
			isa = PBXGroup;
			children = (
				80A6835225B9ECBE006F9EE5 /* EventListners */,
				803B88EA25B74307006EB56E /* ApplicationStyle */,
				803B882625B44799006EB56E /* Protocols */,
				8010A7F625B0C2880045E895 /* Container */,
				80B9910D256C211200E10855 /* Localization */,
				80BBBC212567C6CD00757FA1 /* ExtentionsForDefaultClasses */,
				80B66F61254C51ED00DAB0CB /* DataStructures */,
				80B66F13254C247400DAB0CB /* AppDelegate.swift */,
				80B66F49254C272600DAB0CB /* ViewControllers */,
				80B66F15254C247400DAB0CB /* SceneDelegate.swift */,
				80B66F19254C247400DAB0CB /* Main.storyboard */,
				80B66F1C254C247500DAB0CB /* Assets.xcassets */,
				80B66F1E254C247500DAB0CB /* LaunchScreen.storyboard */,
				80B66F21254C247500DAB0CB /* Info.plist */,
				8098AD5B255E787D00605806 /* GoogleService-Info.plist */,
			);
			path = Covid19_Project;
			sourceTree = "<group>";
		};
		80B66F29254C247600DAB0CB /* Covid19_ProjectTests */ = {
			isa = PBXGroup;
			children = (
				80A6837A25C090D6006F9EE5 /* FieldValidation */,
				80B66F2C254C247600DAB0CB /* Info.plist */,
			);
			path = Covid19_ProjectTests;
			sourceTree = "<group>";
		};
		80B66F34254C247600DAB0CB /* Covid19_ProjectUITests */ = {
			isa = PBXGroup;
			children = (
				80B66F35254C247600DAB0CB /* Covid19_ProjectUITests.swift */,
				80B66F37254C247600DAB0CB /* Info.plist */,
			);
			path = Covid19_ProjectUITests;
			sourceTree = "<group>";
		};
		80B66F49254C272600DAB0CB /* ViewControllers */ = {
			isa = PBXGroup;
			children = (
				80BBBC1D2567C67300757FA1 /* ProfileAndSettingScreen */,
				80BBBC1C2567C65200757FA1 /* CasesStatistics */,
				80BBBC1B2567C60B00757FA1 /* News */,
				80BBBC172567C47B00757FA1 /* Login */,
				80B66F4A254C275A00DAB0CB /* TabBarController.swift */,
				806F13142586106A006C74C9 /* Share */,
				8010290725A21D7000962BE4 /* Contacts Map */,
			);
			path = ViewControllers;
			sourceTree = "<group>";
		};
		80B66F61254C51ED00DAB0CB /* DataStructures */ = {
			isa = PBXGroup;
			children = (
				80B66F62254C521100DAB0CB /* News.swift */,
				80B66F6F254DC48C00DAB0CB /* Case.swift */,
				80BBBB692566578A00757FA1 /* Article.swift */,
				80038D81258F53F9008BD6CF /* Location.swift */,
				8010290B25A2217E00962BE4 /* ContactAnnotation.swift */,
				8010292C25A238E700962BE4 /* Contact.swift */,
				8010293125A2390C00962BE4 /* Category.swift */,
				80A6837525B9FF07006F9EE5 /* EventListnerWithType.swift */,
				80A683AF25C1C293006F9EE5 /* PhotoRecord.swift */,
				80A683B425C1C2C3006F9EE5 /* PhotoRecordState.swift */,
			);
			path = DataStructures;
			sourceTree = "<group>";
		};
		80B9910D256C211200E10855 /* Localization */ = {
			isa = PBXGroup;
			children = (
				80B9912C256C2EC500E10855 /* InfoPlist.strings */,
				80B99113256C236500E10855 /* Localizable.strings */,
			);
			path = Localization;
			sourceTree = "<group>";
		};
		80BBBC172567C47B00757FA1 /* Login */ = {
			isa = PBXGroup;
			children = (
				80B66F17254C247400DAB0CB /* LoginViewController.swift */,
				80C198F525AE0580009EB758 /* ComplexLoginAndPasswordValidator.swift */,
				80C198FA25AE2656009EB758 /* LoginTextField.swift */,
				80A6829E25B816BA006F9EE5 /* PasswordCounterAndLoginPasswordFieldsValidator.swift */,
				80A683A125C09B8B006F9EE5 /* SaverOfAttemptsToUserDefaults.swift */,
				80A683BE25C32AEB006F9EE5 /* LoginViewModelImplementation.swift */,
			);
			path = Login;
			sourceTree = "<group>";
		};
		80BBBC1B2567C60B00757FA1 /* News */ = {
			isa = PBXGroup;
			children = (
				80BBBB802566B64B00757FA1 /* NewsImageView.swift */,
				80B66F6A254C66F300DAB0CB /* NewsCell.swift */,
				80B66F4F254C286000DAB0CB /* NewsViewController.swift */,
				80C7964F25811071006D8459 /* DateParser.swift */,
				80A683CB25C70669006F9EE5 /* PhotoOperations.swift */,
				80A683D025C7071B006F9EE5 /* ImageForNewsesDownloader.swift */,
				80A683D525C70748006F9EE5 /* ImageFiltration.swift */,
			);
			path = News;
			sourceTree = "<group>";
		};
		80BBBC1C2567C65200757FA1 /* CasesStatistics */ = {
			isa = PBXGroup;
			children = (
				80B66F74254DC80300DAB0CB /* CountryTableCell.swift */,
				80B66F57254C28A500DAB0CB /* CasesViewController.swift */,
				8077461E254EADAA00C0C851 /* CassesDetailsViewController.swift */,
				80657EF025CC793F0047F9E5 /* CasesViewModelImplementation.swift */,
				80657EF525CD7A590047F9E5 /* CasesDataDownloader.swift */,
			);
			path = CasesStatistics;
			sourceTree = "<group>";
		};
		80BBBC1D2567C67300757FA1 /* ProfileAndSettingScreen */ = {
			isa = PBXGroup;
			children = (
				80B66F5C254C291100DAB0CB /* ProfileViewController.swift */,
				80B990D9256A714900E10855 /* Notification.swift */,
				80038D7C258F51F4008BD6CF /* MapViewController.swift */,
			);
			path = ProfileAndSettingScreen;
			sourceTree = "<group>";
		};
		80BBBC212567C6CD00757FA1 /* ExtentionsForDefaultClasses */ = {
			isa = PBXGroup;
			children = (
				80BBBC222567C70400757FA1 /* UIImageExtentions.swift */,
				806F123B25812736006C74C9 /* UITableViewExtention.swift */,
				80368DB725AB393B0035A6B8 /* UICollectionViewExtention.swift */,
				803E4A7525D1B4660028EC25 /* StringExtention.swift */,
				803E4A7A25D1B4AD0028EC25 /* ArrayExtention.swift */,
			);
			path = ExtentionsForDefaultClasses;
			sourceTree = "<group>";
		};
		888BFF5C8F65407D174385A9 /* Pods */ = {
			isa = PBXGroup;
			children = (
				95EFD86F4CEC5C3E9C7C2B5F /* Pods-Covid19_Project.debug.xcconfig */,
				5E351F7134EBF529BDB6E5CF /* Pods-Covid19_Project.release.xcconfig */,
				9153F91C90D15DED6AAA58EA /* Pods-Covid19_Project-Covid19_ProjectUITests.debug.xcconfig */,
				0AACF35F03702EFA58B24859 /* Pods-Covid19_Project-Covid19_ProjectUITests.release.xcconfig */,
				C1D2D334DD39E9AC143C876E /* Pods-Covid19_ProjectTests.debug.xcconfig */,
				37534E5E5FAE674781CCC5D0 /* Pods-Covid19_ProjectTests.release.xcconfig */,
			);
			path = Pods;
			sourceTree = "<group>";
		};
		9BA2D0275B914D43849658CC /* Frameworks */ = {
			isa = PBXGroup;
			children = (
				4D4A1FC240253A132C8BA50F /* Pods_Covid19_Project.framework */,
				81F2FD7A796F2CD3F651CB59 /* Pods_Covid19_Project_Covid19_ProjectUITests.framework */,
				2F612F9BDEF9616159C2D3A7 /* Pods_Covid19_ProjectTests.framework */,
			);
			name = Frameworks;
			sourceTree = "<group>";
		};
/* End PBXGroup section */

/* Begin PBXNativeTarget section */
		80B66F0F254C247400DAB0CB /* Covid19_Project */ = {
			isa = PBXNativeTarget;
			buildConfigurationList = 80B66F3A254C247600DAB0CB /* Build configuration list for PBXNativeTarget "Covid19_Project" */;
			buildPhases = (
				98BE58729B75DFB552A13780 /* [CP] Check Pods Manifest.lock */,
				80B66F0C254C247400DAB0CB /* Sources */,
				80B66F0D254C247400DAB0CB /* Frameworks */,
				80B66F0E254C247400DAB0CB /* Resources */,
				47D35DD9B03E4FAE4FC13C6E /* [CP] Embed Pods Frameworks */,
				80918B95255E8F2B00BAE616 /* Init firebase crashlytics dSym */,
			);
			buildRules = (
			);
			dependencies = (
			);
			name = Covid19_Project;
			productName = Covid19_Project;
			productReference = 80B66F10254C247400DAB0CB /* Covid19_Project.app */;
			productType = "com.apple.product-type.application";
		};
		80B66F25254C247600DAB0CB /* Covid19_ProjectTests */ = {
			isa = PBXNativeTarget;
			buildConfigurationList = 80B66F3D254C247600DAB0CB /* Build configuration list for PBXNativeTarget "Covid19_ProjectTests" */;
			buildPhases = (
				8897D6ED9174BBFDB40D2FB0 /* [CP] Check Pods Manifest.lock */,
				80B66F22254C247600DAB0CB /* Sources */,
				80B66F23254C247600DAB0CB /* Frameworks */,
				80B66F24254C247600DAB0CB /* Resources */,
			);
			buildRules = (
			);
			dependencies = (
				80B66F28254C247600DAB0CB /* PBXTargetDependency */,
			);
			name = Covid19_ProjectTests;
			productName = Covid19_ProjectTests;
			productReference = 80B66F26254C247600DAB0CB /* Covid19_ProjectTests.xctest */;
			productType = "com.apple.product-type.bundle.unit-test";
		};
		80B66F30254C247600DAB0CB /* Covid19_ProjectUITests */ = {
			isa = PBXNativeTarget;
			buildConfigurationList = 80B66F40254C247600DAB0CB /* Build configuration list for PBXNativeTarget "Covid19_ProjectUITests" */;
			buildPhases = (
				586CA6B5CB5CF08B30E69790 /* [CP] Check Pods Manifest.lock */,
				80B66F2D254C247600DAB0CB /* Sources */,
				80B66F2E254C247600DAB0CB /* Frameworks */,
				80B66F2F254C247600DAB0CB /* Resources */,
				A74487AD3BC1D434CC4EAC1E /* [CP] Embed Pods Frameworks */,
			);
			buildRules = (
			);
			dependencies = (
				80B66F33254C247600DAB0CB /* PBXTargetDependency */,
			);
			name = Covid19_ProjectUITests;
			productName = Covid19_ProjectUITests;
			productReference = 80B66F31254C247600DAB0CB /* Covid19_ProjectUITests.xctest */;
			productType = "com.apple.product-type.bundle.ui-testing";
		};
/* End PBXNativeTarget section */

/* Begin PBXProject section */
		80B66F08254C247400DAB0CB /* Project object */ = {
			isa = PBXProject;
			attributes = {
				LastSwiftUpdateCheck = 1210;
				LastUpgradeCheck = 1210;
				TargetAttributes = {
					80B66F0F254C247400DAB0CB = {
						CreatedOnToolsVersion = 12.1;
					};
					80B66F25254C247600DAB0CB = {
						CreatedOnToolsVersion = 12.1;
						TestTargetID = 80B66F0F254C247400DAB0CB;
					};
					80B66F30254C247600DAB0CB = {
						CreatedOnToolsVersion = 12.1;
						TestTargetID = 80B66F0F254C247400DAB0CB;
					};
				};
			};
			buildConfigurationList = 80B66F0B254C247400DAB0CB /* Build configuration list for PBXProject "Covid19_Project" */;
			compatibilityVersion = "Xcode 9.3";
			developmentRegion = en;
			hasScannedForEncodings = 0;
			knownRegions = (
				en,
				Base,
				ru,
			);
			mainGroup = 80B66F07254C247400DAB0CB;
			productRefGroup = 80B66F11254C247400DAB0CB /* Products */;
			projectDirPath = "";
			projectRoot = "";
			targets = (
				80B66F0F254C247400DAB0CB /* Covid19_Project */,
				80B66F25254C247600DAB0CB /* Covid19_ProjectTests */,
				80B66F30254C247600DAB0CB /* Covid19_ProjectUITests */,
			);
		};
/* End PBXProject section */

/* Begin PBXResourcesBuildPhase section */
		80B66F0E254C247400DAB0CB /* Resources */ = {
			isa = PBXResourcesBuildPhase;
			buildActionMask = 2147483647;
			files = (
				80B99111256C236500E10855 /* Localizable.strings in Resources */,
				80B9912A256C2EC500E10855 /* InfoPlist.strings in Resources */,
				80B66F20254C247500DAB0CB /* LaunchScreen.storyboard in Resources */,
				8098AD5C255E787D00605806 /* GoogleService-Info.plist in Resources */,
				80B66F1D254C247500DAB0CB /* Assets.xcassets in Resources */,
				80B66F1B254C247400DAB0CB /* Main.storyboard in Resources */,
			);
			runOnlyForDeploymentPostprocessing = 0;
		};
		80B66F24254C247600DAB0CB /* Resources */ = {
			isa = PBXResourcesBuildPhase;
			buildActionMask = 2147483647;
			files = (
			);
			runOnlyForDeploymentPostprocessing = 0;
		};
		80B66F2F254C247600DAB0CB /* Resources */ = {
			isa = PBXResourcesBuildPhase;
			buildActionMask = 2147483647;
			files = (
			);
			runOnlyForDeploymentPostprocessing = 0;
		};
/* End PBXResourcesBuildPhase section */

/* Begin PBXShellScriptBuildPhase section */
		47D35DD9B03E4FAE4FC13C6E /* [CP] Embed Pods Frameworks */ = {
			isa = PBXShellScriptBuildPhase;
			buildActionMask = 2147483647;
			files = (
			);
			inputFileListPaths = (
				"${PODS_ROOT}/Target Support Files/Pods-Covid19_Project/Pods-Covid19_Project-frameworks-${CONFIGURATION}-input-files.xcfilelist",
			);
			name = "[CP] Embed Pods Frameworks";
			outputFileListPaths = (
				"${PODS_ROOT}/Target Support Files/Pods-Covid19_Project/Pods-Covid19_Project-frameworks-${CONFIGURATION}-output-files.xcfilelist",
			);
			runOnlyForDeploymentPostprocessing = 0;
			shellPath = /bin/sh;
			shellScript = "\"${PODS_ROOT}/Target Support Files/Pods-Covid19_Project/Pods-Covid19_Project-frameworks.sh\"\n";
			showEnvVarsInLog = 0;
		};
		586CA6B5CB5CF08B30E69790 /* [CP] Check Pods Manifest.lock */ = {
			isa = PBXShellScriptBuildPhase;
			buildActionMask = 2147483647;
			files = (
			);
			inputFileListPaths = (
			);
			inputPaths = (
				"${PODS_PODFILE_DIR_PATH}/Podfile.lock",
				"${PODS_ROOT}/Manifest.lock",
			);
			name = "[CP] Check Pods Manifest.lock";
			outputFileListPaths = (
			);
			outputPaths = (
				"$(DERIVED_FILE_DIR)/Pods-Covid19_Project-Covid19_ProjectUITests-checkManifestLockResult.txt",
			);
			runOnlyForDeploymentPostprocessing = 0;
			shellPath = /bin/sh;
			shellScript = "diff \"${PODS_PODFILE_DIR_PATH}/Podfile.lock\" \"${PODS_ROOT}/Manifest.lock\" > /dev/null\nif [ $? != 0 ] ; then\n    # print error to STDERR\n    echo \"error: The sandbox is not in sync with the Podfile.lock. Run 'pod install' or update your CocoaPods installation.\" >&2\n    exit 1\nfi\n# This output is used by Xcode 'outputs' to avoid re-running this script phase.\necho \"SUCCESS\" > \"${SCRIPT_OUTPUT_FILE_0}\"\n";
			showEnvVarsInLog = 0;
		};
		80918B95255E8F2B00BAE616 /* Init firebase crashlytics dSym */ = {
			isa = PBXShellScriptBuildPhase;
			buildActionMask = 2147483647;
			files = (
			);
			inputFileListPaths = (
			);
			inputPaths = (
				"${DWARF_DSYM_FOLDER_PATH}/${DWARF_DSYM_FILE_NAME}/Contents/Resources/DWARF/${TARGET_NAME}",
				"$(SRCROOT)/$(BUILT_PRODUCTS_DIR)/$(INFOPLIST_PATH)",
			);
			name = "Init firebase crashlytics dSym";
			outputFileListPaths = (
			);
			outputPaths = (
			);
			runOnlyForDeploymentPostprocessing = 0;
			shellPath = /bin/sh;
			shellScript = "\"${PODS_ROOT}/FirebaseCrashlytics/run\"\n\n";
		};
		8897D6ED9174BBFDB40D2FB0 /* [CP] Check Pods Manifest.lock */ = {
			isa = PBXShellScriptBuildPhase;
			buildActionMask = 2147483647;
			files = (
			);
			inputFileListPaths = (
			);
			inputPaths = (
				"${PODS_PODFILE_DIR_PATH}/Podfile.lock",
				"${PODS_ROOT}/Manifest.lock",
			);
			name = "[CP] Check Pods Manifest.lock";
			outputFileListPaths = (
			);
			outputPaths = (
				"$(DERIVED_FILE_DIR)/Pods-Covid19_ProjectTests-checkManifestLockResult.txt",
			);
			runOnlyForDeploymentPostprocessing = 0;
			shellPath = /bin/sh;
			shellScript = "diff \"${PODS_PODFILE_DIR_PATH}/Podfile.lock\" \"${PODS_ROOT}/Manifest.lock\" > /dev/null\nif [ $? != 0 ] ; then\n    # print error to STDERR\n    echo \"error: The sandbox is not in sync with the Podfile.lock. Run 'pod install' or update your CocoaPods installation.\" >&2\n    exit 1\nfi\n# This output is used by Xcode 'outputs' to avoid re-running this script phase.\necho \"SUCCESS\" > \"${SCRIPT_OUTPUT_FILE_0}\"\n";
			showEnvVarsInLog = 0;
		};
		98BE58729B75DFB552A13780 /* [CP] Check Pods Manifest.lock */ = {
			isa = PBXShellScriptBuildPhase;
			buildActionMask = 2147483647;
			files = (
			);
			inputFileListPaths = (
			);
			inputPaths = (
				"${PODS_PODFILE_DIR_PATH}/Podfile.lock",
				"${PODS_ROOT}/Manifest.lock",
			);
			name = "[CP] Check Pods Manifest.lock";
			outputFileListPaths = (
			);
			outputPaths = (
				"$(DERIVED_FILE_DIR)/Pods-Covid19_Project-checkManifestLockResult.txt",
			);
			runOnlyForDeploymentPostprocessing = 0;
			shellPath = /bin/sh;
			shellScript = "diff \"${PODS_PODFILE_DIR_PATH}/Podfile.lock\" \"${PODS_ROOT}/Manifest.lock\" > /dev/null\nif [ $? != 0 ] ; then\n    # print error to STDERR\n    echo \"error: The sandbox is not in sync with the Podfile.lock. Run 'pod install' or update your CocoaPods installation.\" >&2\n    exit 1\nfi\n# This output is used by Xcode 'outputs' to avoid re-running this script phase.\necho \"SUCCESS\" > \"${SCRIPT_OUTPUT_FILE_0}\"\n";
			showEnvVarsInLog = 0;
		};
		A74487AD3BC1D434CC4EAC1E /* [CP] Embed Pods Frameworks */ = {
			isa = PBXShellScriptBuildPhase;
			buildActionMask = 2147483647;
			files = (
			);
			inputFileListPaths = (
				"${PODS_ROOT}/Target Support Files/Pods-Covid19_Project-Covid19_ProjectUITests/Pods-Covid19_Project-Covid19_ProjectUITests-frameworks-${CONFIGURATION}-input-files.xcfilelist",
			);
			name = "[CP] Embed Pods Frameworks";
			outputFileListPaths = (
				"${PODS_ROOT}/Target Support Files/Pods-Covid19_Project-Covid19_ProjectUITests/Pods-Covid19_Project-Covid19_ProjectUITests-frameworks-${CONFIGURATION}-output-files.xcfilelist",
			);
			runOnlyForDeploymentPostprocessing = 0;
			shellPath = /bin/sh;
			shellScript = "\"${PODS_ROOT}/Target Support Files/Pods-Covid19_Project-Covid19_ProjectUITests/Pods-Covid19_Project-Covid19_ProjectUITests-frameworks.sh\"\n";
			showEnvVarsInLog = 0;
		};
/* End PBXShellScriptBuildPhase section */

/* Begin PBXSourcesBuildPhase section */
		80B66F0C254C247400DAB0CB /* Sources */ = {
			isa = PBXSourcesBuildPhase;
			buildActionMask = 2147483647;
			files = (
				80A683A225C09B8B006F9EE5 /* SaverOfAttemptsToUserDefaults.swift in Sources */,
				806F123C25812736006C74C9 /* UITableViewExtention.swift in Sources */,
				80657EFB25CD7BA50047F9E5 /* CaseDownloader.swift in Sources */,
				80BBBB6A2566578A00757FA1 /* Article.swift in Sources */,
				80B66F18254C247400DAB0CB /* LoginViewController.swift in Sources */,
				803E4A7625D1B4660028EC25 /* StringExtention.swift in Sources */,
				803B88FE25B74BD4006EB56E /* StyleProvider.swift in Sources */,
				80038D7D258F51F4008BD6CF /* MapViewController.swift in Sources */,
				80B66F6B254C66F300DAB0CB /* NewsCell.swift in Sources */,
				80A6835925B9F062006F9EE5 /* EventListner.swift in Sources */,
				80A683D125C7071B006F9EE5 /* ImageForNewsesDownloader.swift in Sources */,
				803B88E625B741DA006EB56E /* ApplicationStyle.swift in Sources */,
				80B66F4B254C275A00DAB0CB /* TabBarController.swift in Sources */,
				80C7965025811071006D8459 /* DateParser.swift in Sources */,
				806F131025861059006C74C9 /* ShareViewController.swift in Sources */,
				80A6835E25B9F4CD006F9EE5 /* Listner.swift in Sources */,
				80657ED425CC77C50047F9E5 /* CaseViewModel.swift in Sources */,
				80A683B525C1C2C3006F9EE5 /* PhotoRecordState.swift in Sources */,
				80B990DA256A714900E10855 /* Notification.swift in Sources */,
				8010A7D725B0A9C70045E895 /* FieldValidator.swift in Sources */,
				80B66F14254C247400DAB0CB /* AppDelegate.swift in Sources */,
				8010292025A2310900962BE4 /* LogTableViewController.swift in Sources */,
				80A683BA25C32AC7006F9EE5 /* LoginViewModel.swift in Sources */,
				803B884225B495B5006EB56E /* ImageCacheChecker.swift in Sources */,
				8010292825A2379200962BE4 /* LogCell.swift in Sources */,
				80B66F50254C286000DAB0CB /* NewsViewController.swift in Sources */,
				80A6829F25B816BA006F9EE5 /* PasswordCounterAndLoginPasswordFieldsValidator.swift in Sources */,
				80A683BF25C32AEB006F9EE5 /* LoginViewModelImplementation.swift in Sources */,
				8077461F254EADAA00C0C851 /* CassesDetailsViewController.swift in Sources */,
				80A6835425B9ECDA006F9EE5 /* EventListnerManager.swift in Sources */,
				80A683B025C1C293006F9EE5 /* PhotoRecord.swift in Sources */,
				80B66F63254C521100DAB0CB /* News.swift in Sources */,
				803B88F425B7435B006EB56E /* NightStyle.swift in Sources */,
				80A6836E25B9FCDF006F9EE5 /* EventType.swift in Sources */,
				80038D82258F53F9008BD6CF /* Location.swift in Sources */,
				80A683D625C70748006F9EE5 /* ImageFiltration.swift in Sources */,
				80657EF125CC793F0047F9E5 /* CasesViewModelImplementation.swift in Sources */,
				8010291125A2241E00962BE4 /* AddNewEntryViewController.swift in Sources */,
				80A6837625B9FF07006F9EE5 /* EventListnerWithType.swift in Sources */,
				80C198FB25AE2656009EB758 /* LoginTextField.swift in Sources */,
				80B66F5D254C291100DAB0CB /* ProfileViewController.swift in Sources */,
				803B88EF25B74323006EB56E /* DayStyle.swift in Sources */,
				80BBBB812566B64B00757FA1 /* NewsImageView.swift in Sources */,
				8010291625A22DEB00962BE4 /* CategoryTableViewController.swift in Sources */,
				8010292D25A238E700962BE4 /* Contact.swift in Sources */,
				80B66F58254C28A500DAB0CB /* CasesViewController.swift in Sources */,
				803B88F925B74404006EB56E /* DayNightStyleProvider.swift in Sources */,
				80B66F75254DC80300DAB0CB /* CountryTableCell.swift in Sources */,
				8010290C25A2217E00962BE4 /* ContactAnnotation.swift in Sources */,
				8010290325A21D6A00962BE4 /* ContactsMapViewController.swift in Sources */,
				80657EF625CD7A590047F9E5 /* CasesDataDownloader.swift in Sources */,
				8010293225A2390C00962BE4 /* Category.swift in Sources */,
				80A6836625B9F5F1006F9EE5 /* LogoutListner.swift in Sources */,
				80C198F625AE0580009EB758 /* ComplexLoginAndPasswordValidator.swift in Sources */,
				803E4A7B25D1B4AD0028EC25 /* ArrayExtention.swift in Sources */,
				803B882825B447E8006EB56E /* ImageDownloader.swift in Sources */,
				80BBBC232567C70400757FA1 /* UIImageExtentions.swift in Sources */,
				80368DB825AB393B0035A6B8 /* UICollectionViewExtention.swift in Sources */,
				80B66F70254DC48C00DAB0CB /* Case.swift in Sources */,
				80A6839A25C09B3D006F9EE5 /* NumberOfAttemptsSaver.swift in Sources */,
				80B66F16254C247400DAB0CB /* SceneDelegate.swift in Sources */,
				80A683CC25C70669006F9EE5 /* PhotoOperations.swift in Sources */,
				8010A7F825B0C2A00045E895 /* Container.swift in Sources */,
			);
			runOnlyForDeploymentPostprocessing = 0;
		};
		80B66F22254C247600DAB0CB /* Sources */ = {
			isa = PBXSourcesBuildPhase;
			buildActionMask = 2147483647;
			files = (
				80A6838D25C0938B006F9EE5 /* TestPasswordCounter.swift in Sources */,
				80A683AB25C1B4FB006F9EE5 /* MockNumberOfAttemptsSaver.swift in Sources */,
				80B66F2B254C247600DAB0CB /* TestComplexFieldsValidation.swift in Sources */,
				80A6837C25C09145006F9EE5 /* MockComplexLoginAndPasswordFieldsValidator.swift in Sources */,
			);
			runOnlyForDeploymentPostprocessing = 0;
		};
		80B66F2D254C247600DAB0CB /* Sources */ = {
			isa = PBXSourcesBuildPhase;
			buildActionMask = 2147483647;
			files = (
				80B66F36254C247600DAB0CB /* Covid19_ProjectUITests.swift in Sources */,
			);
			runOnlyForDeploymentPostprocessing = 0;
		};
/* End PBXSourcesBuildPhase section */

/* Begin PBXTargetDependency section */
		80B66F28254C247600DAB0CB /* PBXTargetDependency */ = {
			isa = PBXTargetDependency;
			target = 80B66F0F254C247400DAB0CB /* Covid19_Project */;
			targetProxy = 80B66F27254C247600DAB0CB /* PBXContainerItemProxy */;
		};
		80B66F33254C247600DAB0CB /* PBXTargetDependency */ = {
			isa = PBXTargetDependency;
			target = 80B66F0F254C247400DAB0CB /* Covid19_Project */;
			targetProxy = 80B66F32254C247600DAB0CB /* PBXContainerItemProxy */;
		};
/* End PBXTargetDependency section */

/* Begin PBXVariantGroup section */
		80B66F19254C247400DAB0CB /* Main.storyboard */ = {
			isa = PBXVariantGroup;
			children = (
				80B66F1A254C247400DAB0CB /* Base */,
				80B99117256C237800E10855 /* ru */,
			);
			name = Main.storyboard;
			sourceTree = "<group>";
		};
		80B66F1E254C247500DAB0CB /* LaunchScreen.storyboard */ = {
			isa = PBXVariantGroup;
			children = (
				80B66F1F254C247500DAB0CB /* Base */,
				80B99118256C237800E10855 /* ru */,
			);
			name = LaunchScreen.storyboard;
			sourceTree = "<group>";
		};
		80B99113256C236500E10855 /* Localizable.strings */ = {
			isa = PBXVariantGroup;
			children = (
				80B99112256C236500E10855 /* en */,
				80B99119256C237800E10855 /* ru */,
			);
			name = Localizable.strings;
			sourceTree = "<group>";
		};
		80B9912C256C2EC500E10855 /* InfoPlist.strings */ = {
			isa = PBXVariantGroup;
			children = (
				80B9912B256C2EC500E10855 /* en */,
				80B99130256C2ECA00E10855 /* ru */,
			);
			name = InfoPlist.strings;
			sourceTree = "<group>";
		};
/* End PBXVariantGroup section */

/* Begin XCBuildConfiguration section */
		80B66F38254C247600DAB0CB /* Debug */ = {
			isa = XCBuildConfiguration;
			buildSettings = {
				ALWAYS_SEARCH_USER_PATHS = NO;
				CLANG_ANALYZER_LOCALIZABILITY_NONLOCALIZED = YES;
				CLANG_ANALYZER_NONNULL = YES;
				CLANG_ANALYZER_NUMBER_OBJECT_CONVERSION = YES_AGGRESSIVE;
				CLANG_CXX_LANGUAGE_STANDARD = "gnu++14";
				CLANG_CXX_LIBRARY = "libc++";
				CLANG_ENABLE_MODULES = YES;
				CLANG_ENABLE_OBJC_ARC = YES;
				CLANG_ENABLE_OBJC_WEAK = YES;
				CLANG_WARN_BLOCK_CAPTURE_AUTORELEASING = YES;
				CLANG_WARN_BOOL_CONVERSION = YES;
				CLANG_WARN_COMMA = YES;
				CLANG_WARN_CONSTANT_CONVERSION = YES;
				CLANG_WARN_DEPRECATED_OBJC_IMPLEMENTATIONS = YES;
				CLANG_WARN_DIRECT_OBJC_ISA_USAGE = YES_ERROR;
				CLANG_WARN_DOCUMENTATION_COMMENTS = YES;
				CLANG_WARN_EMPTY_BODY = YES;
				CLANG_WARN_ENUM_CONVERSION = YES;
				CLANG_WARN_INFINITE_RECURSION = YES;
				CLANG_WARN_INT_CONVERSION = YES;
				CLANG_WARN_NON_LITERAL_NULL_CONVERSION = YES;
				CLANG_WARN_OBJC_IMPLICIT_RETAIN_SELF = YES;
				CLANG_WARN_OBJC_LITERAL_CONVERSION = YES;
				CLANG_WARN_OBJC_ROOT_CLASS = YES_ERROR;
				CLANG_WARN_QUOTED_INCLUDE_IN_FRAMEWORK_HEADER = YES;
				CLANG_WARN_RANGE_LOOP_ANALYSIS = YES;
				CLANG_WARN_STRICT_PROTOTYPES = YES;
				CLANG_WARN_SUSPICIOUS_MOVE = YES;
				CLANG_WARN_UNGUARDED_AVAILABILITY = YES_AGGRESSIVE;
				CLANG_WARN_UNREACHABLE_CODE = YES;
				CLANG_WARN__DUPLICATE_METHOD_MATCH = YES;
				COPY_PHASE_STRIP = NO;
				DEBUG_INFORMATION_FORMAT = dwarf;
				ENABLE_STRICT_OBJC_MSGSEND = YES;
				ENABLE_TESTABILITY = YES;
				GCC_C_LANGUAGE_STANDARD = gnu11;
				GCC_DYNAMIC_NO_PIC = NO;
				GCC_NO_COMMON_BLOCKS = YES;
				GCC_OPTIMIZATION_LEVEL = 0;
				GCC_PREPROCESSOR_DEFINITIONS = (
					"DEBUG=1",
					"$(inherited)",
				);
				GCC_WARN_64_TO_32_BIT_CONVERSION = YES;
				GCC_WARN_ABOUT_RETURN_TYPE = YES_ERROR;
				GCC_WARN_UNDECLARED_SELECTOR = YES;
				GCC_WARN_UNINITIALIZED_AUTOS = YES_AGGRESSIVE;
				GCC_WARN_UNUSED_FUNCTION = YES;
				GCC_WARN_UNUSED_VARIABLE = YES;
				IPHONEOS_DEPLOYMENT_TARGET = 14.0;
				MTL_ENABLE_DEBUG_INFO = INCLUDE_SOURCE;
				MTL_FAST_MATH = YES;
				ONLY_ACTIVE_ARCH = YES;
				SDKROOT = iphoneos;
				SWIFT_ACTIVE_COMPILATION_CONDITIONS = DEBUG;
				SWIFT_OPTIMIZATION_LEVEL = "-Onone";
			};
			name = Debug;
		};
		80B66F39254C247600DAB0CB /* Release */ = {
			isa = XCBuildConfiguration;
			buildSettings = {
				ALWAYS_SEARCH_USER_PATHS = NO;
				CLANG_ANALYZER_LOCALIZABILITY_NONLOCALIZED = YES;
				CLANG_ANALYZER_NONNULL = YES;
				CLANG_ANALYZER_NUMBER_OBJECT_CONVERSION = YES_AGGRESSIVE;
				CLANG_CXX_LANGUAGE_STANDARD = "gnu++14";
				CLANG_CXX_LIBRARY = "libc++";
				CLANG_ENABLE_MODULES = YES;
				CLANG_ENABLE_OBJC_ARC = YES;
				CLANG_ENABLE_OBJC_WEAK = YES;
				CLANG_WARN_BLOCK_CAPTURE_AUTORELEASING = YES;
				CLANG_WARN_BOOL_CONVERSION = YES;
				CLANG_WARN_COMMA = YES;
				CLANG_WARN_CONSTANT_CONVERSION = YES;
				CLANG_WARN_DEPRECATED_OBJC_IMPLEMENTATIONS = YES;
				CLANG_WARN_DIRECT_OBJC_ISA_USAGE = YES_ERROR;
				CLANG_WARN_DOCUMENTATION_COMMENTS = YES;
				CLANG_WARN_EMPTY_BODY = YES;
				CLANG_WARN_ENUM_CONVERSION = YES;
				CLANG_WARN_INFINITE_RECURSION = YES;
				CLANG_WARN_INT_CONVERSION = YES;
				CLANG_WARN_NON_LITERAL_NULL_CONVERSION = YES;
				CLANG_WARN_OBJC_IMPLICIT_RETAIN_SELF = YES;
				CLANG_WARN_OBJC_LITERAL_CONVERSION = YES;
				CLANG_WARN_OBJC_ROOT_CLASS = YES_ERROR;
				CLANG_WARN_QUOTED_INCLUDE_IN_FRAMEWORK_HEADER = YES;
				CLANG_WARN_RANGE_LOOP_ANALYSIS = YES;
				CLANG_WARN_STRICT_PROTOTYPES = YES;
				CLANG_WARN_SUSPICIOUS_MOVE = YES;
				CLANG_WARN_UNGUARDED_AVAILABILITY = YES_AGGRESSIVE;
				CLANG_WARN_UNREACHABLE_CODE = YES;
				CLANG_WARN__DUPLICATE_METHOD_MATCH = YES;
				COPY_PHASE_STRIP = NO;
				DEBUG_INFORMATION_FORMAT = "dwarf-with-dsym";
				ENABLE_NS_ASSERTIONS = NO;
				ENABLE_STRICT_OBJC_MSGSEND = YES;
				GCC_C_LANGUAGE_STANDARD = gnu11;
				GCC_NO_COMMON_BLOCKS = YES;
				GCC_WARN_64_TO_32_BIT_CONVERSION = YES;
				GCC_WARN_ABOUT_RETURN_TYPE = YES_ERROR;
				GCC_WARN_UNDECLARED_SELECTOR = YES;
				GCC_WARN_UNINITIALIZED_AUTOS = YES_AGGRESSIVE;
				GCC_WARN_UNUSED_FUNCTION = YES;
				GCC_WARN_UNUSED_VARIABLE = YES;
				IPHONEOS_DEPLOYMENT_TARGET = 14.0;
				MTL_ENABLE_DEBUG_INFO = NO;
				MTL_FAST_MATH = YES;
				SDKROOT = iphoneos;
				SWIFT_COMPILATION_MODE = wholemodule;
				SWIFT_OPTIMIZATION_LEVEL = "-O";
				VALIDATE_PRODUCT = YES;
			};
			name = Release;
		};
		80B66F3B254C247600DAB0CB /* Debug */ = {
			isa = XCBuildConfiguration;
			baseConfigurationReference = 95EFD86F4CEC5C3E9C7C2B5F /* Pods-Covid19_Project.debug.xcconfig */;
			buildSettings = {
				ASSETCATALOG_COMPILER_APPICON_NAME = AppIcon;
				ASSETCATALOG_COMPILER_GLOBAL_ACCENT_COLOR_NAME = AccentColor;
				CLANG_USE_OPTIMIZATION_PROFILE = YES;
				CODE_SIGN_IDENTITY = "Apple Development";
				CODE_SIGN_STYLE = Automatic;
				DEBUG_INFORMATION_FORMAT = "dwarf-with-dsym";
				DEVELOPMENT_TEAM = 65V4QL3YW2;
				INFOPLIST_FILE = Covid19_Project/Info.plist;
				LD_RUNPATH_SEARCH_PATHS = (
					"$(inherited)",
					"@executable_path/Frameworks",
				);
				PRODUCT_BUNDLE_IDENTIFIER = com.hramiashkevich.Covid1Project;
				PRODUCT_NAME = "$(TARGET_NAME)";
				PROVISIONING_PROFILE_SPECIFIER = "";
				SWIFT_VERSION = 5.0;
				TARGETED_DEVICE_FAMILY = "1,2";
			};
			name = Debug;
		};
		80B66F3C254C247600DAB0CB /* Release */ = {
			isa = XCBuildConfiguration;
			baseConfigurationReference = 5E351F7134EBF529BDB6E5CF /* Pods-Covid19_Project.release.xcconfig */;
			buildSettings = {
				ASSETCATALOG_COMPILER_APPICON_NAME = AppIcon;
				ASSETCATALOG_COMPILER_GLOBAL_ACCENT_COLOR_NAME = AccentColor;
				CLANG_USE_OPTIMIZATION_PROFILE = YES;
				CODE_SIGN_IDENTITY = "Apple Development";
				CODE_SIGN_STYLE = Automatic;
				DEVELOPMENT_TEAM = 65V4QL3YW2;
				INFOPLIST_FILE = Covid19_Project/Info.plist;
				LD_RUNPATH_SEARCH_PATHS = (
					"$(inherited)",
					"@executable_path/Frameworks",
				);
				PRODUCT_BUNDLE_IDENTIFIER = com.hramiashkevich.Covid1Project;
				PRODUCT_NAME = "$(TARGET_NAME)";
				PROVISIONING_PROFILE_SPECIFIER = "";
				SWIFT_VERSION = 5.0;
				TARGETED_DEVICE_FAMILY = "1,2";
			};
			name = Release;
		};
		80B66F3E254C247600DAB0CB /* Debug */ = {
			isa = XCBuildConfiguration;
			baseConfigurationReference = C1D2D334DD39E9AC143C876E /* Pods-Covid19_ProjectTests.debug.xcconfig */;
			buildSettings = {
				ALWAYS_EMBED_SWIFT_STANDARD_LIBRARIES = YES;
				BUNDLE_LOADER = "$(TEST_HOST)";
				CODE_SIGN_STYLE = Automatic;
				DEVELOPMENT_TEAM = RYSRRC8TVP;
				INFOPLIST_FILE = Covid19_ProjectTests/Info.plist;
				IPHONEOS_DEPLOYMENT_TARGET = 14.1;
				LD_RUNPATH_SEARCH_PATHS = (
					"$(inherited)",
					"@executable_path/Frameworks",
					"@loader_path/Frameworks",
				);
				PRODUCT_BUNDLE_IDENTIFIER = "com.hramiashkevich.Covid19-ProjectTests";
				PRODUCT_NAME = "$(TARGET_NAME)";
				SWIFT_VERSION = 5.0;
				TARGETED_DEVICE_FAMILY = "1,2";
				TEST_HOST = "$(BUILT_PRODUCTS_DIR)/Covid19_Project.app/Covid19_Project";
			};
			name = Debug;
		};
		80B66F3F254C247600DAB0CB /* Release */ = {
			isa = XCBuildConfiguration;
			baseConfigurationReference = 37534E5E5FAE674781CCC5D0 /* Pods-Covid19_ProjectTests.release.xcconfig */;
			buildSettings = {
				ALWAYS_EMBED_SWIFT_STANDARD_LIBRARIES = YES;
				BUNDLE_LOADER = "$(TEST_HOST)";
				CODE_SIGN_STYLE = Automatic;
				DEVELOPMENT_TEAM = RYSRRC8TVP;
				INFOPLIST_FILE = Covid19_ProjectTests/Info.plist;
				IPHONEOS_DEPLOYMENT_TARGET = 14.1;
				LD_RUNPATH_SEARCH_PATHS = (
					"$(inherited)",
					"@executable_path/Frameworks",
					"@loader_path/Frameworks",
				);
				PRODUCT_BUNDLE_IDENTIFIER = "com.hramiashkevich.Covid19-ProjectTests";
				PRODUCT_NAME = "$(TARGET_NAME)";
				SWIFT_VERSION = 5.0;
				TARGETED_DEVICE_FAMILY = "1,2";
				TEST_HOST = "$(BUILT_PRODUCTS_DIR)/Covid19_Project.app/Covid19_Project";
			};
			name = Release;
		};
		80B66F41254C247600DAB0CB /* Debug */ = {
			isa = XCBuildConfiguration;
			baseConfigurationReference = 9153F91C90D15DED6AAA58EA /* Pods-Covid19_Project-Covid19_ProjectUITests.debug.xcconfig */;
			buildSettings = {
				ALWAYS_EMBED_SWIFT_STANDARD_LIBRARIES = YES;
				CODE_SIGN_STYLE = Automatic;
				DEVELOPMENT_TEAM = RYSRRC8TVP;
				INFOPLIST_FILE = Covid19_ProjectUITests/Info.plist;
				LD_RUNPATH_SEARCH_PATHS = (
					"$(inherited)",
					"@executable_path/Frameworks",
					"@loader_path/Frameworks",
				);
				PRODUCT_BUNDLE_IDENTIFIER = "com.hramiashkevich.Covid19-ProjectUITests";
				PRODUCT_NAME = "$(TARGET_NAME)";
				SWIFT_VERSION = 5.0;
				TARGETED_DEVICE_FAMILY = "1,2";
				TEST_TARGET_NAME = Covid19_Project;
			};
			name = Debug;
		};
		80B66F42254C247600DAB0CB /* Release */ = {
			isa = XCBuildConfiguration;
			baseConfigurationReference = 0AACF35F03702EFA58B24859 /* Pods-Covid19_Project-Covid19_ProjectUITests.release.xcconfig */;
			buildSettings = {
				ALWAYS_EMBED_SWIFT_STANDARD_LIBRARIES = YES;
				CODE_SIGN_STYLE = Automatic;
				DEVELOPMENT_TEAM = RYSRRC8TVP;
				INFOPLIST_FILE = Covid19_ProjectUITests/Info.plist;
				LD_RUNPATH_SEARCH_PATHS = (
					"$(inherited)",
					"@executable_path/Frameworks",
					"@loader_path/Frameworks",
				);
				PRODUCT_BUNDLE_IDENTIFIER = "com.hramiashkevich.Covid19-ProjectUITests";
				PRODUCT_NAME = "$(TARGET_NAME)";
				SWIFT_VERSION = 5.0;
				TARGETED_DEVICE_FAMILY = "1,2";
				TEST_TARGET_NAME = Covid19_Project;
			};
			name = Release;
		};
/* End XCBuildConfiguration section */

/* Begin XCConfigurationList section */
		80B66F0B254C247400DAB0CB /* Build configuration list for PBXProject "Covid19_Project" */ = {
			isa = XCConfigurationList;
			buildConfigurations = (
				80B66F38254C247600DAB0CB /* Debug */,
				80B66F39254C247600DAB0CB /* Release */,
			);
			defaultConfigurationIsVisible = 0;
			defaultConfigurationName = Release;
		};
		80B66F3A254C247600DAB0CB /* Build configuration list for PBXNativeTarget "Covid19_Project" */ = {
			isa = XCConfigurationList;
			buildConfigurations = (
				80B66F3B254C247600DAB0CB /* Debug */,
				80B66F3C254C247600DAB0CB /* Release */,
			);
			defaultConfigurationIsVisible = 0;
			defaultConfigurationName = Release;
		};
		80B66F3D254C247600DAB0CB /* Build configuration list for PBXNativeTarget "Covid19_ProjectTests" */ = {
			isa = XCConfigurationList;
			buildConfigurations = (
				80B66F3E254C247600DAB0CB /* Debug */,
				80B66F3F254C247600DAB0CB /* Release */,
			);
			defaultConfigurationIsVisible = 0;
			defaultConfigurationName = Release;
		};
		80B66F40254C247600DAB0CB /* Build configuration list for PBXNativeTarget "Covid19_ProjectUITests" */ = {
			isa = XCConfigurationList;
			buildConfigurations = (
				80B66F41254C247600DAB0CB /* Debug */,
				80B66F42254C247600DAB0CB /* Release */,
			);
			defaultConfigurationIsVisible = 0;
			defaultConfigurationName = Release;
		};
/* End XCConfigurationList section */
	};
	rootObject = 80B66F08254C247400DAB0CB /* Project object */;
}
